// !$*UTF8*$!
{
	archiveVersion = 1;
	classes = {
	};
	objectVersion = 55;
	objects = {

/* Begin PBXBuildFile section */
		5EBDCAD728A9B6CF00831715 /* Fruit_ClassifierApp.swift in Sources */ = {isa = PBXBuildFile; fileRef = 5EBDCAD628A9B6CF00831715 /* Fruit_ClassifierApp.swift */; };
		5EBDCAD928A9B6CF00831715 /* ContentView.swift in Sources */ = {isa = PBXBuildFile; fileRef = 5EBDCAD828A9B6CF00831715 /* ContentView.swift */; };
		5EBDCADB28A9B6CF00831715 /* Assets.xcassets in Resources */ = {isa = PBXBuildFile; fileRef = 5EBDCADA28A9B6CF00831715 /* Assets.xcassets */; };
		5EBDCADE28A9B6CF00831715 /* Preview Assets.xcassets in Resources */ = {isa = PBXBuildFile; fileRef = 5EBDCADD28A9B6CF00831715 /* Preview Assets.xcassets */; };
		5EBDCAE828A9B6D000831715 /* Fruit_ClassifierTests.swift in Sources */ = {isa = PBXBuildFile; fileRef = 5EBDCAE728A9B6D000831715 /* Fruit_ClassifierTests.swift */; };
		5EBDCAF228A9B6D000831715 /* Fruit_ClassifierUITests.swift in Sources */ = {isa = PBXBuildFile; fileRef = 5EBDCAF128A9B6D000831715 /* Fruit_ClassifierUITests.swift */; };
		5EBDCAF428A9B6D000831715 /* Fruit_ClassifierUITestsLaunchTests.swift in Sources */ = {isa = PBXBuildFile; fileRef = 5EBDCAF328A9B6D000831715 /* Fruit_ClassifierUITestsLaunchTests.swift */; };
/* End PBXBuildFile section */

/* Begin PBXContainerItemProxy section */
		5EBDCAE428A9B6D000831715 /* PBXContainerItemProxy */ = {
			isa = PBXContainerItemProxy;
			containerPortal = 5EBDCACB28A9B6CF00831715 /* Project object */;
			proxyType = 1;
			remoteGlobalIDString = 5EBDCAD228A9B6CF00831715;
			remoteInfo = "Fruit Classifier";
		};
		5EBDCAEE28A9B6D000831715 /* PBXContainerItemProxy */ = {
			isa = PBXContainerItemProxy;
			containerPortal = 5EBDCACB28A9B6CF00831715 /* Project object */;
			proxyType = 1;
			remoteGlobalIDString = 5EBDCAD228A9B6CF00831715;
			remoteInfo = "Fruit Classifier";
		};
/* End PBXContainerItemProxy section */

/* Begin PBXFileReference section */
		5EBDCAD328A9B6CF00831715 /* Fruit Classifier.app */ = {isa = PBXFileReference; explicitFileType = wrapper.application; includeInIndex = 0; path = "Fruit Classifier.app"; sourceTree = BUILT_PRODUCTS_DIR; };
		5EBDCAD628A9B6CF00831715 /* Fruit_ClassifierApp.swift */ = {isa = PBXFileReference; lastKnownFileType = sourcecode.swift; path = Fruit_ClassifierApp.swift; sourceTree = "<group>"; };
		5EBDCAD828A9B6CF00831715 /* ContentView.swift */ = {isa = PBXFileReference; lastKnownFileType = sourcecode.swift; path = ContentView.swift; sourceTree = "<group>"; };
		5EBDCADA28A9B6CF00831715 /* Assets.xcassets */ = {isa = PBXFileReference; lastKnownFileType = folder.assetcatalog; path = Assets.xcassets; sourceTree = "<group>"; };
		5EBDCADD28A9B6CF00831715 /* Preview Assets.xcassets */ = {isa = PBXFileReference; lastKnownFileType = folder.assetcatalog; path = "Preview Assets.xcassets"; sourceTree = "<group>"; };
		5EBDCAE328A9B6D000831715 /* Fruit ClassifierTests.xctest */ = {isa = PBXFileReference; explicitFileType = wrapper.cfbundle; includeInIndex = 0; path = "Fruit ClassifierTests.xctest"; sourceTree = BUILT_PRODUCTS_DIR; };
		5EBDCAE728A9B6D000831715 /* Fruit_ClassifierTests.swift */ = {isa = PBXFileReference; lastKnownFileType = sourcecode.swift; path = Fruit_ClassifierTests.swift; sourceTree = "<group>"; };
		5EBDCAED28A9B6D000831715 /* Fruit ClassifierUITests.xctest */ = {isa = PBXFileReference; explicitFileType = wrapper.cfbundle; includeInIndex = 0; path = "Fruit ClassifierUITests.xctest"; sourceTree = BUILT_PRODUCTS_DIR; };
		5EBDCAF128A9B6D000831715 /* Fruit_ClassifierUITests.swift */ = {isa = PBXFileReference; lastKnownFileType = sourcecode.swift; path = Fruit_ClassifierUITests.swift; sourceTree = "<group>"; };
		5EBDCAF328A9B6D000831715 /* Fruit_ClassifierUITestsLaunchTests.swift */ = {isa = PBXFileReference; lastKnownFileType = sourcecode.swift; path = Fruit_ClassifierUITestsLaunchTests.swift; sourceTree = "<group>"; };
/* End PBXFileReference section */

/* Begin PBXFrameworksBuildPhase section */
		5EBDCAD028A9B6CF00831715 /* Frameworks */ = {
			isa = PBXFrameworksBuildPhase;
			buildActionMask = 2147483647;
			files = (
			);
			runOnlyForDeploymentPostprocessing = 0;
		};
		5EBDCAE028A9B6D000831715 /* Frameworks */ = {
			isa = PBXFrameworksBuildPhase;
			buildActionMask = 2147483647;
			files = (
			);
			runOnlyForDeploymentPostprocessing = 0;
		};
		5EBDCAEA28A9B6D000831715 /* Frameworks */ = {
			isa = PBXFrameworksBuildPhase;
			buildActionMask = 2147483647;
			files = (
			);
			runOnlyForDeploymentPostprocessing = 0;
		};
/* End PBXFrameworksBuildPhase section */

/* Begin PBXGroup section */
		5EBDCACA28A9B6CF00831715 = {
			isa = PBXGroup;
			children = (
				5EBDCAD528A9B6CF00831715 /* Fruit Classifier */,
				5EBDCAE628A9B6D000831715 /* Fruit ClassifierTests */,
				5EBDCAF028A9B6D000831715 /* Fruit ClassifierUITests */,
				5EBDCAD428A9B6CF00831715 /* Products */,
			);
			sourceTree = "<group>";
		};
		5EBDCAD428A9B6CF00831715 /* Products */ = {
			isa = PBXGroup;
			children = (
				5EBDCAD328A9B6CF00831715 /* Fruit Classifier.app */,
				5EBDCAE328A9B6D000831715 /* Fruit ClassifierTests.xctest */,
				5EBDCAED28A9B6D000831715 /* Fruit ClassifierUITests.xctest */,
			);
			name = Products;
			sourceTree = "<group>";
		};
		5EBDCAD528A9B6CF00831715 /* Fruit Classifier */ = {
			isa = PBXGroup;
			children = (
				5EBDCAD628A9B6CF00831715 /* Fruit_ClassifierApp.swift */,
				5EBDCAD828A9B6CF00831715 /* ContentView.swift */,
				5EBDCADA28A9B6CF00831715 /* Assets.xcassets */,
				5EBDCADC28A9B6CF00831715 /* Preview Content */,
			);
			path = "Fruit Classifier";
			sourceTree = "<group>";
		};
		5EBDCADC28A9B6CF00831715 /* Preview Content */ = {
			isa = PBXGroup;
			children = (
				5EBDCADD28A9B6CF00831715 /* Preview Assets.xcassets */,
			);
			path = "Preview Content";
			sourceTree = "<group>";
		};
		5EBDCAE628A9B6D000831715 /* Fruit ClassifierTests */ = {
			isa = PBXGroup;
			children = (
				5EBDCAE728A9B6D000831715 /* Fruit_ClassifierTests.swift */,
			);
			path = "Fruit ClassifierTests";
			sourceTree = "<group>";
		};
		5EBDCAF028A9B6D000831715 /* Fruit ClassifierUITests */ = {
			isa = PBXGroup;
			children = (
				5EBDCAF128A9B6D000831715 /* Fruit_ClassifierUITests.swift */,
				5EBDCAF328A9B6D000831715 /* Fruit_ClassifierUITestsLaunchTests.swift */,
			);
			path = "Fruit ClassifierUITests";
			sourceTree = "<group>";
		};
/* End PBXGroup section */

/* Begin PBXNativeTarget section */
		5EBDCAD228A9B6CF00831715 /* Fruit Classifier */ = {
			isa = PBXNativeTarget;
			buildConfigurationList = 5EBDCAF728A9B6D000831715 /* Build configuration list for PBXNativeTarget "Fruit Classifier" */;
			buildPhases = (
				5EBDCACF28A9B6CF00831715 /* Sources */,
				5EBDCAD028A9B6CF00831715 /* Frameworks */,
				5EBDCAD128A9B6CF00831715 /* Resources */,
			);
			buildRules = (
			);
			dependencies = (
			);
			name = "Fruit Classifier";
			productName = "Fruit Classifier";
			productReference = 5EBDCAD328A9B6CF00831715 /* Fruit Classifier.app */;
			productType = "com.apple.product-type.application";
		};
		5EBDCAE228A9B6D000831715 /* Fruit ClassifierTests */ = {
			isa = PBXNativeTarget;
			buildConfigurationList = 5EBDCAFA28A9B6D000831715 /* Build configuration list for PBXNativeTarget "Fruit ClassifierTests" */;
			buildPhases = (
				5EBDCADF28A9B6D000831715 /* Sources */,
				5EBDCAE028A9B6D000831715 /* Frameworks */,
				5EBDCAE128A9B6D000831715 /* Resources */,
			);
			buildRules = (
			);
			dependencies = (
				5EBDCAE528A9B6D000831715 /* PBXTargetDependency */,
			);
			name = "Fruit ClassifierTests";
			productName = "Fruit ClassifierTests";
			productReference = 5EBDCAE328A9B6D000831715 /* Fruit ClassifierTests.xctest */;
			productType = "com.apple.product-type.bundle.unit-test";
		};
		5EBDCAEC28A9B6D000831715 /* Fruit ClassifierUITests */ = {
			isa = PBXNativeTarget;
			buildConfigurationList = 5EBDCAFD28A9B6D000831715 /* Build configuration list for PBXNativeTarget "Fruit ClassifierUITests" */;
			buildPhases = (
				5EBDCAE928A9B6D000831715 /* Sources */,
				5EBDCAEA28A9B6D000831715 /* Frameworks */,
				5EBDCAEB28A9B6D000831715 /* Resources */,
			);
			buildRules = (
			);
			dependencies = (
				5EBDCAEF28A9B6D000831715 /* PBXTargetDependency */,
			);
			name = "Fruit ClassifierUITests";
			productName = "Fruit ClassifierUITests";
			productReference = 5EBDCAED28A9B6D000831715 /* Fruit ClassifierUITests.xctest */;
			productType = "com.apple.product-type.bundle.ui-testing";
		};
/* End PBXNativeTarget section */

/* Begin PBXProject section */
		5EBDCACB28A9B6CF00831715 /* Project object */ = {
			isa = PBXProject;
			attributes = {
				BuildIndependentTargetsInParallel = 1;
				LastSwiftUpdateCheck = 1340;
				LastUpgradeCheck = 1340;
				TargetAttributes = {
					5EBDCAD228A9B6CF00831715 = {
						CreatedOnToolsVersion = 13.4.1;
					};
					5EBDCAE228A9B6D000831715 = {
						CreatedOnToolsVersion = 13.4.1;
						TestTargetID = 5EBDCAD228A9B6CF00831715;
					};
					5EBDCAEC28A9B6D000831715 = {
						CreatedOnToolsVersion = 13.4.1;
						TestTargetID = 5EBDCAD228A9B6CF00831715;
					};
				};
			};
			buildConfigurationList = 5EBDCACE28A9B6CF00831715 /* Build configuration list for PBXProject "Fruit Classifier" */;
			compatibilityVersion = "Xcode 13.0";
			developmentRegion = en;
			hasScannedForEncodings = 0;
			knownRegions = (
				en,
				Base,
			);
			mainGroup = 5EBDCACA28A9B6CF00831715;
			productRefGroup = 5EBDCAD428A9B6CF00831715 /* Products */;
			projectDirPath = "";
			projectRoot = "";
			targets = (
				5EBDCAD228A9B6CF00831715 /* Fruit Classifier */,
				5EBDCAE228A9B6D000831715 /* Fruit ClassifierTests */,
				5EBDCAEC28A9B6D000831715 /* Fruit ClassifierUITests */,
			);
		};
/* End PBXProject section */

/* Begin PBXResourcesBuildPhase section */
		5EBDCAD128A9B6CF00831715 /* Resources */ = {
			isa = PBXResourcesBuildPhase;
			buildActionMask = 2147483647;
			files = (
				5EBDCADE28A9B6CF00831715 /* Preview Assets.xcassets in Resources */,
				5EBDCADB28A9B6CF00831715 /* Assets.xcassets in Resources */,
			);
			runOnlyForDeploymentPostprocessing = 0;
		};
		5EBDCAE128A9B6D000831715 /* Resources */ = {
			isa = PBXResourcesBuildPhase;
			buildActionMask = 2147483647;
			files = (
			);
			runOnlyForDeploymentPostprocessing = 0;
		};
		5EBDCAEB28A9B6D000831715 /* Resources */ = {
			isa = PBXResourcesBuildPhase;
			buildActionMask = 2147483647;
			files = (
			);
			runOnlyForDeploymentPostprocessing = 0;
		};
/* End PBXResourcesBuildPhase section */

/* Begin PBXSourcesBuildPhase section */
		5EBDCACF28A9B6CF00831715 /* Sources */ = {
			isa = PBXSourcesBuildPhase;
			buildActionMask = 2147483647;
			files = (
				5EBDCAD928A9B6CF00831715 /* ContentView.swift in Sources */,
				5EBDCAD728A9B6CF00831715 /* Fruit_ClassifierApp.swift in Sources */,
			);
			runOnlyForDeploymentPostprocessing = 0;
		};
		5EBDCADF28A9B6D000831715 /* Sources */ = {
			isa = PBXSourcesBuildPhase;
			buildActionMask = 2147483647;
			files = (
				5EBDCAE828A9B6D000831715 /* Fruit_ClassifierTests.swift in Sources */,
			);
			runOnlyForDeploymentPostprocessing = 0;
		};
		5EBDCAE928A9B6D000831715 /* Sources */ = {
			isa = PBXSourcesBuildPhase;
			buildActionMask = 2147483647;
			files = (
				5EBDCAF428A9B6D000831715 /* Fruit_ClassifierUITestsLaunchTests.swift in Sources */,
				5EBDCAF228A9B6D000831715 /* Fruit_ClassifierUITests.swift in Sources */,
			);
			runOnlyForDeploymentPostprocessing = 0;
		};
/* End PBXSourcesBuildPhase section */

/* Begin PBXTargetDependency section */
		5EBDCAE528A9B6D000831715 /* PBXTargetDependency */ = {
			isa = PBXTargetDependency;
			target = 5EBDCAD228A9B6CF00831715 /* Fruit Classifier */;
			targetProxy = 5EBDCAE428A9B6D000831715 /* PBXContainerItemProxy */;
		};
		5EBDCAEF28A9B6D000831715 /* PBXTargetDependency */ = {
			isa = PBXTargetDependency;
			target = 5EBDCAD228A9B6CF00831715 /* Fruit Classifier */;
			targetProxy = 5EBDCAEE28A9B6D000831715 /* PBXContainerItemProxy */;
		};
/* End PBXTargetDependency section */

/* Begin XCBuildConfiguration section */
		5EBDCAF528A9B6D000831715 /* Debug */ = {
			isa = XCBuildConfiguration;
			buildSettings = {
				ALWAYS_SEARCH_USER_PATHS = NO;
				CLANG_ANALYZER_NONNULL = YES;
				CLANG_ANALYZER_NUMBER_OBJECT_CONVERSION = YES_AGGRESSIVE;
				CLANG_CXX_LANGUAGE_STANDARD = "gnu++17";
				CLANG_ENABLE_MODULES = YES;
				CLANG_ENABLE_OBJC_ARC = YES;
				CLANG_ENABLE_OBJC_WEAK = YES;
				CLANG_WARN_BLOCK_CAPTURE_AUTORELEASING = YES;
				CLANG_WARN_BOOL_CONVERSION = YES;
				CLANG_WARN_COMMA = YES;
				CLANG_WARN_CONSTANT_CONVERSION = YES;
				CLANG_WARN_DEPRECATED_OBJC_IMPLEMENTATIONS = YES;
				CLANG_WARN_DIRECT_OBJC_ISA_USAGE = YES_ERROR;
				CLANG_WARN_DOCUMENTATION_COMMENTS = YES;
				CLANG_WARN_EMPTY_BODY = YES;
				CLANG_WARN_ENUM_CONVERSION = YES;
				CLANG_WARN_INFINITE_RECURSION = YES;
				CLANG_WARN_INT_CONVERSION = YES;
				CLANG_WARN_NON_LITERAL_NULL_CONVERSION = YES;
				CLANG_WARN_OBJC_IMPLICIT_RETAIN_SELF = YES;
				CLANG_WARN_OBJC_LITERAL_CONVERSION = YES;
				CLANG_WARN_OBJC_ROOT_CLASS = YES_ERROR;
				CLANG_WARN_QUOTED_INCLUDE_IN_FRAMEWORK_HEADER = YES;
				CLANG_WARN_RANGE_LOOP_ANALYSIS = YES;
				CLANG_WARN_STRICT_PROTOTYPES = YES;
				CLANG_WARN_SUSPICIOUS_MOVE = YES;
				CLANG_WARN_UNGUARDED_AVAILABILITY = YES_AGGRESSIVE;
				CLANG_WARN_UNREACHABLE_CODE = YES;
				CLANG_WARN__DUPLICATE_METHOD_MATCH = YES;
				COPY_PHASE_STRIP = NO;
				DEBUG_INFORMATION_FORMAT = dwarf;
				ENABLE_STRICT_OBJC_MSGSEND = YES;
				ENABLE_TESTABILITY = YES;
				GCC_C_LANGUAGE_STANDARD = gnu11;
				GCC_DYNAMIC_NO_PIC = NO;
				GCC_NO_COMMON_BLOCKS = YES;
				GCC_OPTIMIZATION_LEVEL = 0;
				GCC_PREPROCESSOR_DEFINITIONS = (
					"DEBUG=1",
					"$(inherited)",
				);
				GCC_WARN_64_TO_32_BIT_CONVERSION = YES;
				GCC_WARN_ABOUT_RETURN_TYPE = YES_ERROR;
				GCC_WARN_UNDECLARED_SELECTOR = YES;
				GCC_WARN_UNINITIALIZED_AUTOS = YES_AGGRESSIVE;
				GCC_WARN_UNUSED_FUNCTION = YES;
				GCC_WARN_UNUSED_VARIABLE = YES;
				IPHONEOS_DEPLOYMENT_TARGET = 15.5;
				MTL_ENABLE_DEBUG_INFO = INCLUDE_SOURCE;
				MTL_FAST_MATH = YES;
				ONLY_ACTIVE_ARCH = YES;
				SDKROOT = iphoneos;
				SWIFT_ACTIVE_COMPILATION_CONDITIONS = DEBUG;
				SWIFT_OPTIMIZATION_LEVEL = "-Onone";
			};
			name = Debug;
		};
		5EBDCAF628A9B6D000831715 /* Release */ = {
			isa = XCBuildConfiguration;
			buildSettings = {
				ALWAYS_SEARCH_USER_PATHS = NO;
				CLANG_ANALYZER_NONNULL = YES;
				CLANG_ANALYZER_NUMBER_OBJECT_CONVERSION = YES_AGGRESSIVE;
				CLANG_CXX_LANGUAGE_STANDARD = "gnu++17";
				CLANG_ENABLE_MODULES = YES;
				CLANG_ENABLE_OBJC_ARC = YES;
				CLANG_ENABLE_OBJC_WEAK = YES;
				CLANG_WARN_BLOCK_CAPTURE_AUTORELEASING = YES;
				CLANG_WARN_BOOL_CONVERSION = YES;
				CLANG_WARN_COMMA = YES;
				CLANG_WARN_CONSTANT_CONVERSION = YES;
				CLANG_WARN_DEPRECATED_OBJC_IMPLEMENTATIONS = YES;
				CLANG_WARN_DIRECT_OBJC_ISA_USAGE = YES_ERROR;
				CLANG_WARN_DOCUMENTATION_COMMENTS = YES;
				CLANG_WARN_EMPTY_BODY = YES;
				CLANG_WARN_ENUM_CONVERSION = YES;
				CLANG_WARN_INFINITE_RECURSION = YES;
				CLANG_WARN_INT_CONVERSION = YES;
				CLANG_WARN_NON_LITERAL_NULL_CONVERSION = YES;
				CLANG_WARN_OBJC_IMPLICIT_RETAIN_SELF = YES;
				CLANG_WARN_OBJC_LITERAL_CONVERSION = YES;
				CLANG_WARN_OBJC_ROOT_CLASS = YES_ERROR;
				CLANG_WARN_QUOTED_INCLUDE_IN_FRAMEWORK_HEADER = YES;
				CLANG_WARN_RANGE_LOOP_ANALYSIS = YES;
				CLANG_WARN_STRICT_PROTOTYPES = YES;
				CLANG_WARN_SUSPICIOUS_MOVE = YES;
				CLANG_WARN_UNGUARDED_AVAILABILITY = YES_AGGRESSIVE;
				CLANG_WARN_UNREACHABLE_CODE = YES;
				CLANG_WARN__DUPLICATE_METHOD_MATCH = YES;
				COPY_PHASE_STRIP = NO;
				DEBUG_INFORMATION_FORMAT = "dwarf-with-dsym";
				ENABLE_NS_ASSERTIONS = NO;
				ENABLE_STRICT_OBJC_MSGSEND = YES;
				GCC_C_LANGUAGE_STANDARD = gnu11;
				GCC_NO_COMMON_BLOCKS = YES;
				GCC_WARN_64_TO_32_BIT_CONVERSION = YES;
				GCC_WARN_ABOUT_RETURN_TYPE = YES_ERROR;
				GCC_WARN_UNDECLARED_SELECTOR = YES;
				GCC_WARN_UNINITIALIZED_AUTOS = YES_AGGRESSIVE;
				GCC_WARN_UNUSED_FUNCTION = YES;
				GCC_WARN_UNUSED_VARIABLE = YES;
				IPHONEOS_DEPLOYMENT_TARGET = 15.5;
				MTL_ENABLE_DEBUG_INFO = NO;
				MTL_FAST_MATH = YES;
				SDKROOT = iphoneos;
				SWIFT_COMPILATION_MODE = wholemodule;
				SWIFT_OPTIMIZATION_LEVEL = "-O";
				VALIDATE_PRODUCT = YES;
			};
			name = Release;
		};
		5EBDCAF828A9B6D000831715 /* Debug */ = {
			isa = XCBuildConfiguration;
			buildSettings = {
				ASSETCATALOG_COMPILER_APPICON_NAME = AppIcon;
				ASSETCATALOG_COMPILER_GLOBAL_ACCENT_COLOR_NAME = AccentColor;
				CODE_SIGN_STYLE = Automatic;
				CURRENT_PROJECT_VERSION = 1;
				DEVELOPMENT_ASSET_PATHS = "\"Fruit Classifier/Preview Content\"";
				DEVELOPMENT_TEAM = C5QAJ72K8P;
				ENABLE_PREVIEWS = YES;
				GENERATE_INFOPLIST_FILE = YES;
				INFOPLIST_KEY_UIApplicationSceneManifest_Generation = YES;
				INFOPLIST_KEY_UIApplicationSupportsIndirectInputEvents = YES;
				INFOPLIST_KEY_UILaunchScreen_Generation = YES;
				INFOPLIST_KEY_UISupportedInterfaceOrientations_iPad = "UIInterfaceOrientationPortrait UIInterfaceOrientationPortraitUpsideDown UIInterfaceOrientationLandscapeLeft UIInterfaceOrientationLandscapeRight";
				INFOPLIST_KEY_UISupportedInterfaceOrientations_iPhone = "UIInterfaceOrientationPortrait UIInterfaceOrientationLandscapeLeft UIInterfaceOrientationLandscapeRight";
				LD_RUNPATH_SEARCH_PATHS = (
					"$(inherited)",
					"@executable_path/Frameworks",
				);
				MARKETING_VERSION = 1.0;
				PRODUCT_BUNDLE_IDENTIFIER = "com.JeffreyZhou.Fruit-Classifier";
				PRODUCT_NAME = "$(TARGET_NAME)";
				SWIFT_EMIT_LOC_STRINGS = YES;
				SWIFT_VERSION = 5.0;
				TARGETED_DEVICE_FAMILY = "1,2";
			};
			name = Debug;
		};
		5EBDCAF928A9B6D000831715 /* Release */ = {
			isa = XCBuildConfiguration;
			buildSettings = {
				ASSETCATALOG_COMPILER_APPICON_NAME = AppIcon;
				ASSETCATALOG_COMPILER_GLOBAL_ACCENT_COLOR_NAME = AccentColor;
				CODE_SIGN_STYLE = Automatic;
				CURRENT_PROJECT_VERSION = 1;
				DEVELOPMENT_ASSET_PATHS = "\"Fruit Classifier/Preview Content\"";
				DEVELOPMENT_TEAM = C5QAJ72K8P;
				ENABLE_PREVIEWS = YES;
				GENERATE_INFOPLIST_FILE = YES;
				INFOPLIST_KEY_UIApplicationSceneManifest_Generation = YES;
				INFOPLIST_KEY_UIApplicationSupportsIndirectInputEvents = YES;
				INFOPLIST_KEY_UILaunchScreen_Generation = YES;
				INFOPLIST_KEY_UISupportedInterfaceOrientations_iPad = "UIInterfaceOrientationPortrait UIInterfaceOrientationPortraitUpsideDown UIInterfaceOrientationLandscapeLeft UIInterfaceOrientationLandscapeRight";
				INFOPLIST_KEY_UISupportedInterfaceOrientations_iPhone = "UIInterfaceOrientationPortrait UIInterfaceOrientationLandscapeLeft UIInterfaceOrientationLandscapeRight";
				LD_RUNPATH_SEARCH_PATHS = (
					"$(inherited)",
					"@executable_path/Frameworks",
				);
				MARKETING_VERSION = 1.0;
				PRODUCT_BUNDLE_IDENTIFIER = "com.JeffreyZhou.Fruit-Classifier";
				PRODUCT_NAME = "$(TARGET_NAME)";
				SWIFT_EMIT_LOC_STRINGS = YES;
				SWIFT_VERSION = 5.0;
				TARGETED_DEVICE_FAMILY = "1,2";
			};
			name = Release;
		};
		5EBDCAFB28A9B6D000831715 /* Debug */ = {
			isa = XCBuildConfiguration;
			buildSettings = {
				ALWAYS_EMBED_SWIFT_STANDARD_LIBRARIES = YES;
				BUNDLE_LOADER = "$(TEST_HOST)";
				CODE_SIGN_STYLE = Automatic;
				CURRENT_PROJECT_VERSION = 1;
				DEVELOPMENT_TEAM = C5QAJ72K8P;
				GENERATE_INFOPLIST_FILE = YES;
				IPHONEOS_DEPLOYMENT_TARGET = 15.5;
				MARKETING_VERSION = 1.0;
				PRODUCT_BUNDLE_IDENTIFIER = "com.JeffreyZhou.Fruit-ClassifierTests";
				PRODUCT_NAME = "$(TARGET_NAME)";
				SWIFT_EMIT_LOC_STRINGS = NO;
				SWIFT_VERSION = 5.0;
				TARGETED_DEVICE_FAMILY = "1,2";
				TEST_HOST = "$(BUILT_PRODUCTS_DIR)/Fruit Classifier.app/Fruit Classifier";
			};
			name = Debug;
		};
		5EBDCAFC28A9B6D000831715 /* Release */ = {
			isa = XCBuildConfiguration;
			buildSettings = {
				ALWAYS_EMBED_SWIFT_STANDARD_LIBRARIES = YES;
				BUNDLE_LOADER = "$(TEST_HOST)";
				CODE_SIGN_STYLE = Automatic;
				CURRENT_PROJECT_VERSION = 1;
				DEVELOPMENT_TEAM = C5QAJ72K8P;
				GENERATE_INFOPLIST_FILE = YES;
				IPHONEOS_DEPLOYMENT_TARGET = 15.5;
				MARKETING_VERSION = 1.0;
				PRODUCT_BUNDLE_IDENTIFIER = "com.JeffreyZhou.Fruit-ClassifierTests";
				PRODUCT_NAME = "$(TARGET_NAME)";
				SWIFT_EMIT_LOC_STRINGS = NO;
				SWIFT_VERSION = 5.0;
				TARGETED_DEVICE_FAMILY = "1,2";
				TEST_HOST = "$(BUILT_PRODUCTS_DIR)/Fruit Classifier.app/Fruit Classifier";
			};
			name = Release;
		};
		5EBDCAFE28A9B6D000831715 /* Debug */ = {
			isa = XCBuildConfiguration;
			buildSettings = {
				ALWAYS_EMBED_SWIFT_STANDARD_LIBRARIES = YES;
				CODE_SIGN_STYLE = Automatic;
				CURRENT_PROJECT_VERSION = 1;
				DEVELOPMENT_TEAM = C5QAJ72K8P;
				GENERATE_INFOPLIST_FILE = YES;
				MARKETING_VERSION = 1.0;
				PRODUCT_BUNDLE_IDENTIFIER = "com.JeffreyZhou.Fruit-ClassifierUITests";
				PRODUCT_NAME = "$(TARGET_NAME)";
				SWIFT_EMIT_LOC_STRINGS = NO;
				SWIFT_VERSION = 5.0;
				TARGETED_DEVICE_FAMILY = "1,2";
				TEST_TARGET_NAME = "Fruit Classifier";
			};
			name = Debug;
		};
		5EBDCAFF28A9B6D000831715 /* Release */ = {
			isa = XCBuildConfiguration;
			buildSettings = {
				ALWAYS_EMBED_SWIFT_STANDARD_LIBRARIES = YES;
				CODE_SIGN_STYLE = Automatic;
				CURRENT_PROJECT_VERSION = 1;
				DEVELOPMENT_TEAM = C5QAJ72K8P;
				GENERATE_INFOPLIST_FILE = YES;
				MARKETING_VERSION = 1.0;
				PRODUCT_BUNDLE_IDENTIFIER = "com.JeffreyZhou.Fruit-ClassifierUITests";
				PRODUCT_NAME = "$(TARGET_NAME)";
				SWIFT_EMIT_LOC_STRINGS = NO;
				SWIFT_VERSION = 5.0;
				TARGETED_DEVICE_FAMILY = "1,2";
				TEST_TARGET_NAME = "Fruit Classifier";
			};
			name = Release;
		};
/* End XCBuildConfiguration section */

/* Begin XCConfigurationList section */
		5EBDCACE28A9B6CF00831715 /* Build configuration list for PBXProject "Fruit Classifier" */ = {
			isa = XCConfigurationList;
			buildConfigurations = (
				5EBDCAF528A9B6D000831715 /* Debug */,
				5EBDCAF628A9B6D000831715 /* Release */,
			);
			defaultConfigurationIsVisible = 0;
			defaultConfigurationName = Release;
		};
		5EBDCAF728A9B6D000831715 /* Build configuration list for PBXNativeTarget "Fruit Classifier" */ = {
			isa = XCConfigurationList;
			buildConfigurations = (
				5EBDCAF828A9B6D000831715 /* Debug */,
				5EBDCAF928A9B6D000831715 /* Release */,
			);
			defaultConfigurationIsVisible = 0;
			defaultConfigurationName = Release;
		};
		5EBDCAFA28A9B6D000831715 /* Build configuration list for PBXNativeTarget "Fruit ClassifierTests" */ = {
			isa = XCConfigurationList;
			buildConfigurations = (
				5EBDCAFB28A9B6D000831715 /* Debug */,
				5EBDCAFC28A9B6D000831715 /* Release */,
			);
			defaultConfigurationIsVisible = 0;
			defaultConfigurationName = Release;
		};
		5EBDCAFD28A9B6D000831715 /* Build configuration list for PBXNativeTarget "Fruit ClassifierUITests" */ = {
			isa = XCConfigurationList;
			buildConfigurations = (
				5EBDCAFE28A9B6D000831715 /* Debug */,
				5EBDCAFF28A9B6D000831715 /* Release */,
			);
			defaultConfigurationIsVisible = 0;
			defaultConfigurationName = Release;
		};
/* End XCConfigurationList section */
	};
	rootObject = 5EBDCACB28A9B6CF00831715 /* Project object */;
}
